// !$*UTF8*$!
{
	archiveVersion = 1;
	classes = {
	};
	objectVersion = 50;
	objects = {

/* Begin PBXBuildFile section */
		0457EE9626464CA900F105C5 /* course_2App.swift in Sources */ = {isa = PBXBuildFile; fileRef = 0457EE9526464CA900F105C5 /* course_2App.swift */; };
		0457EE9826464CA900F105C5 /* EmojiArtDocumentView.swift in Sources */ = {isa = PBXBuildFile; fileRef = 0457EE9726464CA900F105C5 /* EmojiArtDocumentView.swift */; };
		0457EE9A26464CA900F105C5 /* Assets.xcassets in Resources */ = {isa = PBXBuildFile; fileRef = 0457EE9926464CA900F105C5 /* Assets.xcassets */; };
		0457EE9D26464CA900F105C5 /* Preview Assets.xcassets in Resources */ = {isa = PBXBuildFile; fileRef = 0457EE9C26464CA900F105C5 /* Preview Assets.xcassets */; };
		0457EEA526464CC900F105C5 /* EmojiArtDocumnet.swift in Sources */ = {isa = PBXBuildFile; fileRef = 0457EEA426464CC900F105C5 /* EmojiArtDocumnet.swift */; };
		04D9FBA12647ABB100167896 /* EmojiArt.swift in Sources */ = {isa = PBXBuildFile; fileRef = 04D9FBA02647ABB100167896 /* EmojiArt.swift */; };
		04D9FBA32647B08200167896 /* EmojiArtExtensions.swift in Sources */ = {isa = PBXBuildFile; fileRef = 04D9FBA22647B08200167896 /* EmojiArtExtensions.swift */; };
		04D9FBA52647F6E300167896 /* optionalImage.swift in Sources */ = {isa = PBXBuildFile; fileRef = 04D9FBA42647F6E300167896 /* optionalImage.swift */; };
		04D9FBA72647FA3100167896 /* AnimatableSystemFontModifier.swift in Sources */ = {isa = PBXBuildFile; fileRef = 04D9FBA62647FA3000167896 /* AnimatableSystemFontModifier.swift */; };
		04D9FBA92648164C00167896 /* spinning.swift in Sources */ = {isa = PBXBuildFile; fileRef = 04D9FBA82648164C00167896 /* spinning.swift */; };
		04D9FBAB26481F5600167896 /* PaletteChooser.swift in Sources */ = {isa = PBXBuildFile; fileRef = 04D9FBAA26481F5600167896 /* PaletteChooser.swift */; };
		04D9FBAD2648221000167896 /* EmojiArtDocumentPalette.swift in Sources */ = {isa = PBXBuildFile; fileRef = 04D9FBAC2648221000167896 /* EmojiArtDocumentPalette.swift */; };
		04EB4D192651037100E7FF68 /* GridLayout.swift in Sources */ = {isa = PBXBuildFile; fileRef = 04EB4D172651037100E7FF68 /* GridLayout.swift */; };
		04EB4D1A2651037100E7FF68 /* Grid.swift in Sources */ = {isa = PBXBuildFile; fileRef = 04EB4D182651037100E7FF68 /* Grid.swift */; };
		04EB4D1C26510E1100E7FF68 /* EmojiArtDocumentStore.swift in Sources */ = {isa = PBXBuildFile; fileRef = 04EB4D1B26510E1100E7FF68 /* EmojiArtDocumentStore.swift */; };
		04EB4D1E2651105A00E7FF68 /* EmojiArtDocumentChoser.swift in Sources */ = {isa = PBXBuildFile; fileRef = 04EB4D1D2651105A00E7FF68 /* EmojiArtDocumentChoser.swift */; };
/* End PBXBuildFile section */

/* Begin PBXFileReference section */
		0457EE9226464CA900F105C5 /* course_2.app */ = {isa = PBXFileReference; explicitFileType = wrapper.application; includeInIndex = 0; path = course_2.app; sourceTree = BUILT_PRODUCTS_DIR; };
		0457EE9526464CA900F105C5 /* course_2App.swift */ = {isa = PBXFileReference; lastKnownFileType = sourcecode.swift; path = course_2App.swift; sourceTree = "<group>"; };
		0457EE9726464CA900F105C5 /* EmojiArtDocumentView.swift */ = {isa = PBXFileReference; lastKnownFileType = sourcecode.swift; path = EmojiArtDocumentView.swift; sourceTree = "<group>"; };
		0457EE9926464CA900F105C5 /* Assets.xcassets */ = {isa = PBXFileReference; lastKnownFileType = folder.assetcatalog; path = Assets.xcassets; sourceTree = "<group>"; };
		0457EE9C26464CA900F105C5 /* Preview Assets.xcassets */ = {isa = PBXFileReference; lastKnownFileType = folder.assetcatalog; path = "Preview Assets.xcassets"; sourceTree = "<group>"; };
		0457EE9E26464CA900F105C5 /* Info.plist */ = {isa = PBXFileReference; lastKnownFileType = text.plist.xml; path = Info.plist; sourceTree = "<group>"; };
		0457EEA426464CC900F105C5 /* EmojiArtDocumnet.swift */ = {isa = PBXFileReference; lastKnownFileType = sourcecode.swift; path = EmojiArtDocumnet.swift; sourceTree = "<group>"; };
		04D9FBA02647ABB100167896 /* EmojiArt.swift */ = {isa = PBXFileReference; lastKnownFileType = sourcecode.swift; path = EmojiArt.swift; sourceTree = "<group>"; };
		04D9FBA22647B08200167896 /* EmojiArtExtensions.swift */ = {isa = PBXFileReference; fileEncoding = 4; lastKnownFileType = sourcecode.swift; path = EmojiArtExtensions.swift; sourceTree = "<group>"; };
		04D9FBA42647F6E300167896 /* optionalImage.swift */ = {isa = PBXFileReference; lastKnownFileType = sourcecode.swift; path = optionalImage.swift; sourceTree = "<group>"; };
		04D9FBA62647FA3000167896 /* AnimatableSystemFontModifier.swift */ = {isa = PBXFileReference; lastKnownFileType = sourcecode.swift; path = AnimatableSystemFontModifier.swift; sourceTree = "<group>"; };
		04D9FBA82648164C00167896 /* spinning.swift */ = {isa = PBXFileReference; lastKnownFileType = sourcecode.swift; path = spinning.swift; sourceTree = "<group>"; };
		04D9FBAA26481F5600167896 /* PaletteChooser.swift */ = {isa = PBXFileReference; lastKnownFileType = sourcecode.swift; path = PaletteChooser.swift; sourceTree = "<group>"; };
		04D9FBAC2648221000167896 /* EmojiArtDocumentPalette.swift */ = {isa = PBXFileReference; fileEncoding = 4; lastKnownFileType = sourcecode.swift; path = EmojiArtDocumentPalette.swift; sourceTree = "<group>"; };
		04EB4D172651037100E7FF68 /* GridLayout.swift */ = {isa = PBXFileReference; fileEncoding = 4; lastKnownFileType = sourcecode.swift; path = GridLayout.swift; sourceTree = "<group>"; };
		04EB4D182651037100E7FF68 /* Grid.swift */ = {isa = PBXFileReference; fileEncoding = 4; lastKnownFileType = sourcecode.swift; path = Grid.swift; sourceTree = "<group>"; };
		04EB4D1B26510E1100E7FF68 /* EmojiArtDocumentStore.swift */ = {isa = PBXFileReference; fileEncoding = 4; lastKnownFileType = sourcecode.swift; path = EmojiArtDocumentStore.swift; sourceTree = "<group>"; };
		04EB4D1D2651105A00E7FF68 /* EmojiArtDocumentChoser.swift */ = {isa = PBXFileReference; lastKnownFileType = sourcecode.swift; path = EmojiArtDocumentChoser.swift; sourceTree = "<group>"; };
/* End PBXFileReference section */

/* Begin PBXFrameworksBuildPhase section */
		0457EE8F26464CA900F105C5 /* Frameworks */ = {
			isa = PBXFrameworksBuildPhase;
			buildActionMask = 2147483647;
			files = (
			);
			runOnlyForDeploymentPostprocessing = 0;
		};
/* End PBXFrameworksBuildPhase section */

/* Begin PBXGroup section */
		0457EE8926464CA900F105C5 = {
			isa = PBXGroup;
			children = (
				0457EE9426464CA900F105C5 /* course_2 */,
				0457EE9326464CA900F105C5 /* Products */,
			);
			sourceTree = "<group>";
		};
		0457EE9326464CA900F105C5 /* Products */ = {
			isa = PBXGroup;
			children = (
				0457EE9226464CA900F105C5 /* course_2.app */,
			);
			name = Products;
			sourceTree = "<group>";
		};
		0457EE9426464CA900F105C5 /* course_2 */ = {
			isa = PBXGroup;
			children = (
				0457EE9526464CA900F105C5 /* course_2App.swift */,
				0457EE9726464CA900F105C5 /* EmojiArtDocumentView.swift */,
				04D9FBA82648164C00167896 /* spinning.swift */,
				04D9FBA62647FA3000167896 /* AnimatableSystemFontModifier.swift */,
				04D9FBA42647F6E300167896 /* optionalImage.swift */,
				04D9FBA22647B08200167896 /* EmojiArtExtensions.swift */,
				04D9FBA02647ABB100167896 /* EmojiArt.swift */,
				04EB4D182651037100E7FF68 /* Grid.swift */,
				04EB4D172651037100E7FF68 /* GridLayout.swift */,
				04D9FBAC2648221000167896 /* EmojiArtDocumentPalette.swift */,
				0457EEA426464CC900F105C5 /* EmojiArtDocumnet.swift */,
				04D9FBAA26481F5600167896 /* PaletteChooser.swift */,
				04EB4D1B26510E1100E7FF68 /* EmojiArtDocumentStore.swift */,
				04EB4D1D2651105A00E7FF68 /* EmojiArtDocumentChoser.swift */,
				0457EE9926464CA900F105C5 /* Assets.xcassets */,
				0457EE9E26464CA900F105C5 /* Info.plist */,
				0457EE9B26464CA900F105C5 /* Preview Content */,
			);
			path = course_2;
			sourceTree = "<group>";
		};
		0457EE9B26464CA900F105C5 /* Preview Content */ = {
			isa = PBXGroup;
			children = (
				0457EE9C26464CA900F105C5 /* Preview Assets.xcassets */,
			);
			path = "Preview Content";
			sourceTree = "<group>";
		};
/* End PBXGroup section */

/* Begin PBXNativeTarget section */
		0457EE9126464CA900F105C5 /* course_2 */ = {
			isa = PBXNativeTarget;
			buildConfigurationList = 0457EEA126464CA900F105C5 /* Build configuration list for PBXNativeTarget "course_2" */;
			buildPhases = (
				0457EE8E26464CA900F105C5 /* Sources */,
				0457EE8F26464CA900F105C5 /* Frameworks */,
				0457EE9026464CA900F105C5 /* Resources */,
			);
			buildRules = (
			);
			dependencies = (
			);
			name = course_2;
			productName = course_2;
			productReference = 0457EE9226464CA900F105C5 /* course_2.app */;
			productType = "com.apple.product-type.application";
		};
/* End PBXNativeTarget section */

/* Begin PBXProject section */
		0457EE8A26464CA900F105C5 /* Project object */ = {
			isa = PBXProject;
			attributes = {
				LastSwiftUpdateCheck = 1250;
				LastUpgradeCheck = 1250;
				TargetAttributes = {
					0457EE9126464CA900F105C5 = {
						CreatedOnToolsVersion = 12.5;
					};
				};
			};
			buildConfigurationList = 0457EE8D26464CA900F105C5 /* Build configuration list for PBXProject "course_2" */;
			compatibilityVersion = "Xcode 9.3";
			developmentRegion = en;
			hasScannedForEncodings = 0;
			knownRegions = (
				en,
				Base,
			);
			mainGroup = 0457EE8926464CA900F105C5;
			productRefGroup = 0457EE9326464CA900F105C5 /* Products */;
			projectDirPath = "";
			projectRoot = "";
			targets = (
				0457EE9126464CA900F105C5 /* course_2 */,
			);
		};
/* End PBXProject section */

/* Begin PBXResourcesBuildPhase section */
		0457EE9026464CA900F105C5 /* Resources */ = {
			isa = PBXResourcesBuildPhase;
			buildActionMask = 2147483647;
			files = (
				0457EE9D26464CA900F105C5 /* Preview Assets.xcassets in Resources */,
				0457EE9A26464CA900F105C5 /* Assets.xcassets in Resources */,
			);
			runOnlyForDeploymentPostprocessing = 0;
		};
/* End PBXResourcesBuildPhase section */

/* Begin PBXSourcesBuildPhase section */
		0457EE8E26464CA900F105C5 /* Sources */ = {
			isa = PBXSourcesBuildPhase;
			buildActionMask = 2147483647;
			files = (
				04D9FBA72647FA3100167896 /* AnimatableSystemFontModifier.swift in Sources */,
				04D9FBA12647ABB100167896 /* EmojiArt.swift in Sources */,
				04D9FBA32647B08200167896 /* EmojiArtExtensions.swift in Sources */,
				04EB4D1E2651105A00E7FF68 /* EmojiArtDocumentChoser.swift in Sources */,
				0457EE9826464CA900F105C5 /* EmojiArtDocumentView.swift in Sources */,
				0457EE9626464CA900F105C5 /* course_2App.swift in Sources */,
				04D9FBAD2648221000167896 /* EmojiArtDocumentPalette.swift in Sources */,
				0457EEA526464CC900F105C5 /* EmojiArtDocumnet.swift in Sources */,
				04D9FBA52647F6E300167896 /* optionalImage.swift in Sources */,
				04D9FBA92648164C00167896 /* spinning.swift in Sources */,
				04EB4D1C26510E1100E7FF68 /* EmojiArtDocumentStore.swift in Sources */,
				04D9FBAB26481F5600167896 /* PaletteChooser.swift in Sources */,
				04EB4D192651037100E7FF68 /* GridLayout.swift in Sources */,
				04EB4D1A2651037100E7FF68 /* Grid.swift in Sources */,
			);
			runOnlyForDeploymentPostprocessing = 0;
		};
/* End PBXSourcesBuildPhase section */

/* Begin XCBuildConfiguration section */
		0457EE9F26464CA900F105C5 /* Debug */ = {
			isa = XCBuildConfiguration;
			buildSettings = {
				ALWAYS_SEARCH_USER_PATHS = NO;
				CLANG_ANALYZER_NONNULL = YES;
				CLANG_ANALYZER_NUMBER_OBJECT_CONVERSION = YES_AGGRESSIVE;
				CLANG_CXX_LANGUAGE_STANDARD = "gnu++14";
				CLANG_CXX_LIBRARY = "libc++";
				CLANG_ENABLE_MODULES = YES;
				CLANG_ENABLE_OBJC_ARC = YES;
				CLANG_ENABLE_OBJC_WEAK = YES;
				CLANG_WARN_BLOCK_CAPTURE_AUTORELEASING = YES;
				CLANG_WARN_BOOL_CONVERSION = YES;
				CLANG_WARN_COMMA = YES;
				CLANG_WARN_CONSTANT_CONVERSION = YES;
				CLANG_WARN_DEPRECATED_OBJC_IMPLEMENTATIONS = YES;
				CLANG_WARN_DIRECT_OBJC_ISA_USAGE = YES_ERROR;
				CLANG_WARN_DOCUMENTATION_COMMENTS = YES;
				CLANG_WARN_EMPTY_BODY = YES;
				CLANG_WARN_ENUM_CONVERSION = YES;
				CLANG_WARN_INFINITE_RECURSION = YES;
				CLANG_WARN_INT_CONVERSION = YES;
				CLANG_WARN_NON_LITERAL_NULL_CONVERSION = YES;
				CLANG_WARN_OBJC_IMPLICIT_RETAIN_SELF = YES;
				CLANG_WARN_OBJC_LITERAL_CONVERSION = YES;
				CLANG_WARN_OBJC_ROOT_CLASS = YES_ERROR;
				CLANG_WARN_QUOTED_INCLUDE_IN_FRAMEWORK_HEADER = YES;
				CLANG_WARN_RANGE_LOOP_ANALYSIS = YES;
				CLANG_WARN_STRICT_PROTOTYPES = YES;
				CLANG_WARN_SUSPICIOUS_MOVE = YES;
				CLANG_WARN_UNGUARDED_AVAILABILITY = YES_AGGRESSIVE;
				CLANG_WARN_UNREACHABLE_CODE = YES;
				CLANG_WARN__DUPLICATE_METHOD_MATCH = YES;
				COPY_PHASE_STRIP = NO;
				DEBUG_INFORMATION_FORMAT = dwarf;
				ENABLE_STRICT_OBJC_MSGSEND = YES;
				ENABLE_TESTABILITY = YES;
				GCC_C_LANGUAGE_STANDARD = gnu11;
				GCC_DYNAMIC_NO_PIC = NO;
				GCC_NO_COMMON_BLOCKS = YES;
				GCC_OPTIMIZATION_LEVEL = 0;
				GCC_PREPROCESSOR_DEFINITIONS = (
					"DEBUG=1",
					"$(inherited)",
				);
				GCC_WARN_64_TO_32_BIT_CONVERSION = YES;
				GCC_WARN_ABOUT_RETURN_TYPE = YES_ERROR;
				GCC_WARN_UNDECLARED_SELECTOR = YES;
				GCC_WARN_UNINITIALIZED_AUTOS = YES_AGGRESSIVE;
				GCC_WARN_UNUSED_FUNCTION = YES;
				GCC_WARN_UNUSED_VARIABLE = YES;
				IPHONEOS_DEPLOYMENT_TARGET = 14.5;
				MTL_ENABLE_DEBUG_INFO = INCLUDE_SOURCE;
				MTL_FAST_MATH = YES;
				ONLY_ACTIVE_ARCH = YES;
				SDKROOT = iphoneos;
				SWIFT_ACTIVE_COMPILATION_CONDITIONS = DEBUG;
				SWIFT_OPTIMIZATION_LEVEL = "-Onone";
			};
			name = Debug;
		};
		0457EEA026464CA900F105C5 /* Release */ = {
			isa = XCBuildConfiguration;
			buildSettings = {
				ALWAYS_SEARCH_USER_PATHS = NO;
				CLANG_ANALYZER_NONNULL = YES;
				CLANG_ANALYZER_NUMBER_OBJECT_CONVERSION = YES_AGGRESSIVE;
				CLANG_CXX_LANGUAGE_STANDARD = "gnu++14";
				CLANG_CXX_LIBRARY = "libc++";
				CLANG_ENABLE_MODULES = YES;
				CLANG_ENABLE_OBJC_ARC = YES;
				CLANG_ENABLE_OBJC_WEAK = YES;
				CLANG_WARN_BLOCK_CAPTURE_AUTORELEASING = YES;
				CLANG_WARN_BOOL_CONVERSION = YES;
				CLANG_WARN_COMMA = YES;
				CLANG_WARN_CONSTANT_CONVERSION = YES;
				CLANG_WARN_DEPRECATED_OBJC_IMPLEMENTATIONS = YES;
				CLANG_WARN_DIRECT_OBJC_ISA_USAGE = YES_ERROR;
				CLANG_WARN_DOCUMENTATION_COMMENTS = YES;
				CLANG_WARN_EMPTY_BODY = YES;
				CLANG_WARN_ENUM_CONVERSION = YES;
				CLANG_WARN_INFINITE_RECURSION = YES;
				CLANG_WARN_INT_CONVERSION = YES;
				CLANG_WARN_NON_LITERAL_NULL_CONVERSION = YES;
				CLANG_WARN_OBJC_IMPLICIT_RETAIN_SELF = YES;
				CLANG_WARN_OBJC_LITERAL_CONVERSION = YES;
				CLANG_WARN_OBJC_ROOT_CLASS = YES_ERROR;
				CLANG_WARN_QUOTED_INCLUDE_IN_FRAMEWORK_HEADER = YES;
				CLANG_WARN_RANGE_LOOP_ANALYSIS = YES;
				CLANG_WARN_STRICT_PROTOTYPES = YES;
				CLANG_WARN_SUSPICIOUS_MOVE = YES;
				CLANG_WARN_UNGUARDED_AVAILABILITY = YES_AGGRESSIVE;
				CLANG_WARN_UNREACHABLE_CODE = YES;
				CLANG_WARN__DUPLICATE_METHOD_MATCH = YES;
				COPY_PHASE_STRIP = NO;
				DEBUG_INFORMATION_FORMAT = "dwarf-with-dsym";
				ENABLE_NS_ASSERTIONS = NO;
				ENABLE_STRICT_OBJC_MSGSEND = YES;
				GCC_C_LANGUAGE_STANDARD = gnu11;
				GCC_NO_COMMON_BLOCKS = YES;
				GCC_WARN_64_TO_32_BIT_CONVERSION = YES;
				GCC_WARN_ABOUT_RETURN_TYPE = YES_ERROR;
				GCC_WARN_UNDECLARED_SELECTOR = YES;
				GCC_WARN_UNINITIALIZED_AUTOS = YES_AGGRESSIVE;
				GCC_WARN_UNUSED_FUNCTION = YES;
				GCC_WARN_UNUSED_VARIABLE = YES;
				IPHONEOS_DEPLOYMENT_TARGET = 14.5;
				MTL_ENABLE_DEBUG_INFO = NO;
				MTL_FAST_MATH = YES;
				SDKROOT = iphoneos;
				SWIFT_COMPILATION_MODE = wholemodule;
				SWIFT_OPTIMIZATION_LEVEL = "-O";
				VALIDATE_PRODUCT = YES;
			};
			name = Release;
		};
		0457EEA226464CA900F105C5 /* Debug */ = {
			isa = XCBuildConfiguration;
			buildSettings = {
				ASSETCATALOG_COMPILER_APPICON_NAME = AppIcon;
				ASSETCATALOG_COMPILER_GLOBAL_ACCENT_COLOR_NAME = AccentColor;
				CODE_SIGN_STYLE = Automatic;
				DEVELOPMENT_ASSET_PATHS = "\"course_2/Preview Content\"";
				DEVELOPMENT_TEAM = NK8PAB348Q;
				ENABLE_PREVIEWS = YES;
				INFOPLIST_FILE = course_2/Info.plist;
				IPHONEOS_DEPLOYMENT_TARGET = 14.0;
				LD_RUNPATH_SEARCH_PATHS = (
					"$(inherited)",
					"@executable_path/Frameworks",
				);
				PRODUCT_BUNDLE_IDENTIFIER = "naryu.com.course-2";
				PRODUCT_NAME = "$(TARGET_NAME)";
				SWIFT_VERSION = 5.0;
				TARGETED_DEVICE_FAMILY = "1,2";
			};
			name = Debug;
		};
		0457EEA326464CA900F105C5 /* Release */ = {
			isa = XCBuildConfiguration;
			buildSettings = {
				ASSETCATALOG_COMPILER_APPICON_NAME = AppIcon;
				ASSETCATALOG_COMPILER_GLOBAL_ACCENT_COLOR_NAME = AccentColor;
				CODE_SIGN_STYLE = Automatic;
				DEVELOPMENT_ASSET_PATHS = "\"course_2/Preview Content\"";
				DEVELOPMENT_TEAM = NK8PAB348Q;
				ENABLE_PREVIEWS = YES;
				INFOPLIST_FILE = course_2/Info.plist;
				IPHONEOS_DEPLOYMENT_TARGET = 14.0;
				LD_RUNPATH_SEARCH_PATHS = (
					"$(inherited)",
					"@executable_path/Frameworks",
				);
				PRODUCT_BUNDLE_IDENTIFIER = "naryu.com.course-2";
				PRODUCT_NAME = "$(TARGET_NAME)";
				SWIFT_VERSION = 5.0;
				TARGETED_DEVICE_FAMILY = "1,2";
			};
			name = Release;
		};
/* End XCBuildConfiguration section */

/* Begin XCConfigurationList section */
		0457EE8D26464CA900F105C5 /* Build configuration list for PBXProject "course_2" */ = {
			isa = XCConfigurationList;
			buildConfigurations = (
				0457EE9F26464CA900F105C5 /* Debug */,
				0457EEA026464CA900F105C5 /* Release */,
			);
			defaultConfigurationIsVisible = 0;
			defaultConfigurationName = Release;
		};
		0457EEA126464CA900F105C5 /* Build configuration list for PBXNativeTarget "course_2" */ = {
			isa = XCConfigurationList;
			buildConfigurations = (
				0457EEA226464CA900F105C5 /* Debug */,
				0457EEA326464CA900F105C5 /* Release */,
			);
			defaultConfigurationIsVisible = 0;
			defaultConfigurationName = Release;
		};
/* End XCConfigurationList section */
	};
	rootObject = 0457EE8A26464CA900F105C5 /* Project object */;
}
